<?xml version="1.0" encoding="utf-8"?>
<Project ToolsVersion="17.0" xmlns="http://schemas.microsoft.com/developer/msbuild/2003">
  <ItemGroup>
    <ClCompile Include="C:\Users\azizc\OneDrive\opengl\myproject\cmake_test_proje\src\main.cpp">
      <Filter>Source Files</Filter>
    </ClCompile>
    <ClCompile Include="C:\Users\azizc\OneDrive\opengl\myproject\cmake_test_proje\src\glad.c">
      <Filter>Source Files</Filter>
    </ClCompile>
    <ClCompile Include="C:\Users\azizc\OneDrive\opengl\myproject\cmake_test_proje\src\shaderprogram.cpp">
      <Filter>Source Files</Filter>
    </ClCompile>
    <ClCompile Include="C:\Users\azizc\OneDrive\opengl\myproject\cmake_test_proje\src\vertexbuffer.cpp">
      <Filter>Source Files</Filter>
    </ClCompile>
    <ClCompile Include="C:\Users\azizc\OneDrive\opengl\myproject\cmake_test_proje\src\indexbuffer.cpp">
      <Filter>Source Files</Filter>
    </ClCompile>
    <ClCompile Include="C:\Users\azizc\OneDrive\opengl\myproject\cmake_test_proje\src\vertexarrayobject.cpp">
      <Filter>Source Files</Filter>
    </ClCompile>
    <ClCompile Include="C:\Users\azizc\OneDrive\opengl\myproject\cmake_test_proje\src\glwindow.cpp">
      <Filter>Source Files</Filter>
    </ClCompile>
    <ClCompile Include="C:\Users\azizc\OneDrive\opengl\myproject\cmake_test_proje\src\texturemanager.cpp">
      <Filter>Source Files</Filter>
    </ClCompile>
    <ClCompile Include="C:\Users\azizc\OneDrive\opengl\myproject\cmake_test_proje\src\shapecreator.cpp">
      <Filter>Source Files</Filter>
    </ClCompile>
    <ClCompile Include="C:\Users\azizc\OneDrive\opengl\myproject\cmake_test_proje\src\transform.cpp">
      <Filter>Source Files</Filter>
    </ClCompile>
    <ClCompile Include="C:\Users\azizc\OneDrive\opengl\myproject\cmake_test_proje\src\camera.cpp">
      <Filter>Source Files</Filter>
    </ClCompile>
    <ClCompile Include="C:\Users\azizc\OneDrive\opengl\myproject\cmake_test_proje\src\shadermanager.cpp">
      <Filter>Source Files</Filter>
    </ClCompile>
    <ClCompile Include="C:\Users\azizc\OneDrive\opengl\myproject\cmake_test_proje\src\model.cpp">
      <Filter>Source Files</Filter>
    </ClCompile>
    <ClCompile Include="C:\Users\azizc\OneDrive\opengl\myproject\cmake_test_proje\src\scene.cpp">
      <Filter>Source Files</Filter>
    </ClCompile>
    <ClCompile Include="C:\Users\azizc\OneDrive\opengl\myproject\cmake_test_proje\src\scenemenu.cpp">
      <Filter>Source Files</Filter>
    </ClCompile>
    <ClCompile Include="C:\Users\azizc\OneDrive\opengl\lib\imgui\imgui.cpp">
      <Filter>Source Files</Filter>
    </ClCompile>
    <ClCompile Include="C:\Users\azizc\OneDrive\opengl\lib\imgui\imgui_draw.cpp">
      <Filter>Source Files</Filter>
    </ClCompile>
    <ClCompile Include="C:\Users\azizc\OneDrive\opengl\lib\imgui\imgui_tables.cpp">
      <Filter>Source Files</Filter>
    </ClCompile>
    <ClCompile Include="C:\Users\azizc\OneDrive\opengl\lib\imgui\imgui_widgets.cpp">
      <Filter>Source Files</Filter>
    </ClCompile>
    <ClCompile Include="C:\Users\azizc\OneDrive\opengl\lib\imgui\backends\imgui_impl_glfw.cpp">
      <Filter>Source Files</Filter>
    </ClCompile>
    <ClCompile Include="C:\Users\azizc\OneDrive\opengl\lib\imgui\backends\imgui_impl_opengl3.cpp">
      <Filter>Source Files</Filter>
    </ClCompile>
  </ItemGroup>
  <ItemGroup>
    <CustomBuild Include="C:\Users\azizc\OneDrive\opengl\myproject\cmake_test_proje\CMakeLists.txt" />
  </ItemGroup>
  <ItemGroup>
    <Filter Include="Source Files">
      <UniqueIdentifier>{8FAD94C7-D9AC-3D41-9754-BC58042B2839}</UniqueIdentifier>
    </Filter>
  </ItemGroup>
</Project>
